
Microsoft Visual Studio Solution File, Format Version 12.00
# Visual Studio Version 17
VisualStudioVersion = 17.3.32901.215
MinimumVisualStudioVersion = 10.0.40219.1
Project("{FAE04EC0-301F-11D3-BF4B-00C04F79EFBC}") = "Schulliste", "Schulliste\Schulliste.csproj", "{72600B20-9745-4821-9D4E-9225C4749491}"
EndProject
Global
	GlobalSection(SolutionConfigurationPlatforms) = preSolution
		Debug|Any CPU = Debug|Any CPU
		Release|Any CPU = Release|Any CPU
	EndGlobalSection
	GlobalSection(ProjectConfigurationPlatforms) = postSolution
		{72600B20-9745-4821-9D4E-9225C4749491}.Debug|Any CPU.ActiveCfg = Debug|Any CPU
		{72600B20-9745-4821-9D4E-9225C4749491}.Debug|Any CPU.Build.0 = Debug|Any CPU
		{72600B20-9745-4821-9D4E-9225C4749491}.Release|Any CPU.ActiveCfg = Release|Any CPU
		{72600B20-9745-4821-9D4E-9225C4749491}.Release|Any CPU.Build.0 = Release|Any CPU
	EndGlobalSection
	GlobalSection(SolutionProperties) = preSolution
		HideSolutionNode = FALSE
	EndGlobalSection
	GlobalSection(ExtensibilityGlobals) = postSolution
		SolutionGuid = {B07EEF1C-B00F-4A16-92CA-155E065F5940}
	EndGlobalSection
EndGlobal
